
Microsoft Visual Studio Solution File, Format Version 12.00
# Visual Studio Version 16
VisualStudioVersion = 16.0.30011.22
MinimumVisualStudioVersion = 10.0.40219.1
Project("{FAE04EC0-301F-11D3-BF4B-00C04F79EFBC}") = "MoodAnalyzerProgram", "MoodAnalyzerProgram.csproj", "{2DBDADE9-CC5A-460C-ADB6-A1B2A15E1AB7}"
EndProject
Project("{FAE04EC0-301F-11D3-BF4B-00C04F79EFBC}") = "MoodAnalyzerTesting", "..\MoodAnalyzerTesting\MoodAnalyzerTesting.csproj", "{8E679C3D-F34F-4D0E-AC6A-3EEDBE6B4873}"
EndProject
Global
	GlobalSection(SolutionConfigurationPlatforms) = preSolution
		Debug|Any CPU = Debug|Any CPU
		Release|Any CPU = Release|Any CPU
	EndGlobalSection
	GlobalSection(ProjectConfigurationPlatforms) = postSolution
		{2DBDADE9-CC5A-460C-ADB6-A1B2A15E1AB7}.Debug|Any CPU.ActiveCfg = Debug|Any CPU
		{2DBDADE9-CC5A-460C-ADB6-A1B2A15E1AB7}.Debug|Any CPU.Build.0 = Debug|Any CPU
		{2DBDADE9-CC5A-460C-ADB6-A1B2A15E1AB7}.Release|Any CPU.ActiveCfg = Release|Any CPU
		{2DBDADE9-CC5A-460C-ADB6-A1B2A15E1AB7}.Release|Any CPU.Build.0 = Release|Any CPU
		{8E679C3D-F34F-4D0E-AC6A-3EEDBE6B4873}.Debug|Any CPU.ActiveCfg = Debug|Any CPU
		{8E679C3D-F34F-4D0E-AC6A-3EEDBE6B4873}.Debug|Any CPU.Build.0 = Debug|Any CPU
		{8E679C3D-F34F-4D0E-AC6A-3EEDBE6B4873}.Release|Any CPU.ActiveCfg = Release|Any CPU
		{8E679C3D-F34F-4D0E-AC6A-3EEDBE6B4873}.Release|Any CPU.Build.0 = Release|Any CPU
	EndGlobalSection
	GlobalSection(SolutionProperties) = preSolution
		HideSolutionNode = FALSE
	EndGlobalSection
	GlobalSection(ExtensibilityGlobals) = postSolution
		SolutionGuid = {C087DA0B-EA05-4DFF-BE4A-DF26CB31FE5A}
	EndGlobalSection
EndGlobal
